{
  "name": "jayanth-g-resume",
  "version": "1.2.0",
  "lockfileVersion": 2,
  "requires": true,
  "packages": {
    "": {
      "name": "jayanth-g-resume",
      "version": "1.2.0",
      "license": "ISC",
      "dependencies": {
        "jayanth-g-resume": "^1.2.0"
      },
      "bin": {
        "my-resume": "index.js"
      }
    },
    "node_modules/jayanth-g-resume": {
      "version": "1.2.0",
      "resolved": "https://registry.npmjs.org/jayanth-g-resume/-/jayanth-g-resume-1.2.0.tgz",
      "integrity": "sha512-h5cR7rcXaw+QKvmJWhwfHJa6ZdxjZF11VZqltf3QnECPzTO9MhVEc6MbfD4RVJ/Fbo8oyknHQ7qnjHWI16Gt0w==",
      "dependencies": {
        "jayanth-g-resume": "^1.1.0"
      },
      "bin": {
        "my-resume": "index.js"
      }
    }
  },
  "dependencies": {
    "jayanth-g-resume": {
      "version": "1.2.0",
      "resolved": "https://registry.npmjs.org/jayanth-g-resume/-/jayanth-g-resume-1.2.0.tgz",
      "integrity": "sha512-h5cR7rcXaw+QKvmJWhwfHJa6ZdxjZF11VZqltf3QnECPzTO9MhVEc6MbfD4RVJ/Fbo8oyknHQ7qnjHWI16Gt0w==",
      "requires": {
        "jayanth-g-resume": "^1.1.0"
      }
    }
  }
}
